
Microsoft Visual Studio Solution File, Format Version 12.00
# Visual Studio Version 17
VisualStudioVersion = 17.0.31903.59
MinimumVisualStudioVersion = 10.0.40219.1
Project("{2150E333-8FDC-42A3-9474-1A3956D46DE8}") = "src", "src", "{827E0CD3-B72D-47B6-A68D-7590B98EB39B}"
EndProject
Project("{FAE04EC0-301F-11D3-BF4B-00C04F79EFBC}") = "MangaHub.Api", "src\MangaHub.Api\MangaHub.Api.csproj", "{69379AB9-1401-4E1B-BBF4-8A7A5D6D9525}"
EndProject
Project("{FAE04EC0-301F-11D3-BF4B-00C04F79EFBC}") = "MangaHub.Web", "src\MangaHub.Web\MangaHub.Web.csproj", "{314F7380-C0C0-4021-B88F-6F38E9E6135C}"
EndProject
Project("{FAE04EC0-301F-11D3-BF4B-00C04F79EFBC}") = "MangaHub.Core", "src\MangaHub.Core\MangaHub.Core.csproj", "{5B7815C0-1FB5-4598-88B7-540B0C52D356}"
EndProject
Project("{FAE04EC0-301F-11D3-BF4B-00C04F79EFBC}") = "MangaHub.Infrastructure", "src\MangaHub.Infrastructure\MangaHub.Infrastructure.csproj", "{9F54952E-EB34-4F82-BB6F-8A2A8BC61AC6}"
EndProject
Project("{FAE04EC0-301F-11D3-BF4B-00C04F79EFBC}") = "MangaHub.Workers", "src\MangaHub.Workers\MangaHub.Workers.csproj", "{6381BF1C-4CA0-4D0E-AA1C-CEE3990171C3}"
EndProject
Project("{FAE04EC0-301F-11D3-BF4B-00C04F79EFBC}") = "MangaHub.Core.Tests", "tests\MangaHub.Core.Tests\MangaHub.Core.Tests.csproj", "{A0390049-45FF-42A5-BABB-B8042C50654E}"
EndProject
Project("{FAE04EC0-301F-11D3-BF4B-00C04F79EFBC}") = "MangaHub.Api.Tests", "tests\MangaHub.Api.Tests\MangaHub.Api.Tests.csproj", "{99D74656-D7F0-45C0-BAE5-DE93127AD5A4}"
EndProject
Global
	GlobalSection(SolutionConfigurationPlatforms) = preSolution
		Debug|Any CPU = Debug|Any CPU
		Debug|x64 = Debug|x64
		Debug|x86 = Debug|x86
		Release|Any CPU = Release|Any CPU
		Release|x64 = Release|x64
		Release|x86 = Release|x86
	EndGlobalSection
	GlobalSection(ProjectConfigurationPlatforms) = postSolution
		{69379AB9-1401-4E1B-BBF4-8A7A5D6D9525}.Debug|Any CPU.ActiveCfg = Debug|Any CPU
		{69379AB9-1401-4E1B-BBF4-8A7A5D6D9525}.Debug|Any CPU.Build.0 = Debug|Any CPU
		{69379AB9-1401-4E1B-BBF4-8A7A5D6D9525}.Debug|x64.ActiveCfg = Debug|Any CPU
		{69379AB9-1401-4E1B-BBF4-8A7A5D6D9525}.Debug|x64.Build.0 = Debug|Any CPU
		{69379AB9-1401-4E1B-BBF4-8A7A5D6D9525}.Debug|x86.ActiveCfg = Debug|Any CPU
		{69379AB9-1401-4E1B-BBF4-8A7A5D6D9525}.Debug|x86.Build.0 = Debug|Any CPU
		{69379AB9-1401-4E1B-BBF4-8A7A5D6D9525}.Release|Any CPU.ActiveCfg = Release|Any CPU
		{69379AB9-1401-4E1B-BBF4-8A7A5D6D9525}.Release|Any CPU.Build.0 = Release|Any CPU
		{69379AB9-1401-4E1B-BBF4-8A7A5D6D9525}.Release|x64.ActiveCfg = Release|Any CPU
		{69379AB9-1401-4E1B-BBF4-8A7A5D6D9525}.Release|x64.Build.0 = Release|Any CPU
		{69379AB9-1401-4E1B-BBF4-8A7A5D6D9525}.Release|x86.ActiveCfg = Release|Any CPU
		{69379AB9-1401-4E1B-BBF4-8A7A5D6D9525}.Release|x86.Build.0 = Release|Any CPU
		{314F7380-C0C0-4021-B88F-6F38E9E6135C}.Debug|Any CPU.ActiveCfg = Debug|Any CPU
		{314F7380-C0C0-4021-B88F-6F38E9E6135C}.Debug|Any CPU.Build.0 = Debug|Any CPU
		{314F7380-C0C0-4021-B88F-6F38E9E6135C}.Debug|x64.ActiveCfg = Debug|Any CPU
		{314F7380-C0C0-4021-B88F-6F38E9E6135C}.Debug|x64.Build.0 = Debug|Any CPU
		{314F7380-C0C0-4021-B88F-6F38E9E6135C}.Debug|x86.ActiveCfg = Debug|Any CPU
		{314F7380-C0C0-4021-B88F-6F38E9E6135C}.Debug|x86.Build.0 = Debug|Any CPU
		{314F7380-C0C0-4021-B88F-6F38E9E6135C}.Release|Any CPU.ActiveCfg = Release|Any CPU
		{314F7380-C0C0-4021-B88F-6F38E9E6135C}.Release|Any CPU.Build.0 = Release|Any CPU
		{314F7380-C0C0-4021-B88F-6F38E9E6135C}.Release|x64.ActiveCfg = Release|Any CPU
		{314F7380-C0C0-4021-B88F-6F38E9E6135C}.Release|x64.Build.0 = Release|Any CPU
		{314F7380-C0C0-4021-B88F-6F38E9E6135C}.Release|x86.ActiveCfg = Release|Any CPU
		{314F7380-C0C0-4021-B88F-6F38E9E6135C}.Release|x86.Build.0 = Release|Any CPU
		{5B7815C0-1FB5-4598-88B7-540B0C52D356}.Debug|Any CPU.ActiveCfg = Debug|Any CPU
		{5B7815C0-1FB5-4598-88B7-540B0C52D356}.Debug|Any CPU.Build.0 = Debug|Any CPU
		{5B7815C0-1FB5-4598-88B7-540B0C52D356}.Debug|x64.ActiveCfg = Debug|Any CPU
		{5B7815C0-1FB5-4598-88B7-540B0C52D356}.Debug|x64.Build.0 = Debug|Any CPU
		{5B7815C0-1FB5-4598-88B7-540B0C52D356}.Debug|x86.ActiveCfg = Debug|Any CPU
		{5B7815C0-1FB5-4598-88B7-540B0C52D356}.Debug|x86.Build.0 = Debug|Any CPU
		{5B7815C0-1FB5-4598-88B7-540B0C52D356}.Release|Any CPU.ActiveCfg = Release|Any CPU
		{5B7815C0-1FB5-4598-88B7-540B0C52D356}.Release|Any CPU.Build.0 = Release|Any CPU
		{5B7815C0-1FB5-4598-88B7-540B0C52D356}.Release|x64.ActiveCfg = Release|Any CPU
		{5B7815C0-1FB5-4598-88B7-540B0C52D356}.Release|x64.Build.0 = Release|Any CPU
		{5B7815C0-1FB5-4598-88B7-540B0C52D356}.Release|x86.ActiveCfg = Release|Any CPU
		{5B7815C0-1FB5-4598-88B7-540B0C52D356}.Release|x86.Build.0 = Release|Any CPU
		{9F54952E-EB34-4F82-BB6F-8A2A8BC61AC6}.Debug|Any CPU.ActiveCfg = Debug|Any CPU
		{9F54952E-EB34-4F82-BB6F-8A2A8BC61AC6}.Debug|Any CPU.Build.0 = Debug|Any CPU
		{9F54952E-EB34-4F82-BB6F-8A2A8BC61AC6}.Debug|x64.ActiveCfg = Debug|Any CPU
		{9F54952E-EB34-4F82-BB6F-8A2A8BC61AC6}.Debug|x64.Build.0 = Debug|Any CPU
		{9F54952E-EB34-4F82-BB6F-8A2A8BC61AC6}.Debug|x86.ActiveCfg = Debug|Any CPU
		{9F54952E-EB34-4F82-BB6F-8A2A8BC61AC6}.Debug|x86.Build.0 = Debug|Any CPU
		{9F54952E-EB34-4F82-BB6F-8A2A8BC61AC6}.Release|Any CPU.ActiveCfg = Release|Any CPU
		{9F54952E-EB34-4F82-BB6F-8A2A8BC61AC6}.Release|Any CPU.Build.0 = Release|Any CPU
		{9F54952E-EB34-4F82-BB6F-8A2A8BC61AC6}.Release|x64.ActiveCfg = Release|Any CPU
		{9F54952E-EB34-4F82-BB6F-8A2A8BC61AC6}.Release|x64.Build.0 = Release|Any CPU
		{9F54952E-EB34-4F82-BB6F-8A2A8BC61AC6}.Release|x86.ActiveCfg = Release|Any CPU
		{9F54952E-EB34-4F82-BB6F-8A2A8BC61AC6}.Release|x86.Build.0 = Release|Any CPU
		{6381BF1C-4CA0-4D0E-AA1C-CEE3990171C3}.Debug|Any CPU.ActiveCfg = Debug|Any CPU
		{6381BF1C-4CA0-4D0E-AA1C-CEE3990171C3}.Debug|Any CPU.Build.0 = Debug|Any CPU
		{6381BF1C-4CA0-4D0E-AA1C-CEE3990171C3}.Debug|x64.ActiveCfg = Debug|Any CPU
		{6381BF1C-4CA0-4D0E-AA1C-CEE3990171C3}.Debug|x64.Build.0 = Debug|Any CPU
		{6381BF1C-4CA0-4D0E-AA1C-CEE3990171C3}.Debug|x86.ActiveCfg = Debug|Any CPU
		{6381BF1C-4CA0-4D0E-AA1C-CEE3990171C3}.Debug|x86.Build.0 = Debug|Any CPU
		{6381BF1C-4CA0-4D0E-AA1C-CEE3990171C3}.Release|Any CPU.ActiveCfg = Release|Any CPU
		{6381BF1C-4CA0-4D0E-AA1C-CEE3990171C3}.Release|Any CPU.Build.0 = Release|Any CPU
		{6381BF1C-4CA0-4D0E-AA1C-CEE3990171C3}.Release|x64.ActiveCfg = Release|Any CPU
		{6381BF1C-4CA0-4D0E-AA1C-CEE3990171C3}.Release|x64.Build.0 = Release|Any CPU
		{6381BF1C-4CA0-4D0E-AA1C-CEE3990171C3}.Release|x86.ActiveCfg = Release|Any CPU
		{6381BF1C-4CA0-4D0E-AA1C-CEE3990171C3}.Release|x86.Build.0 = Release|Any CPU
		{A0390049-45FF-42A5-BABB-B8042C50654E}.Debug|Any CPU.ActiveCfg = Debug|Any CPU
		{A0390049-45FF-42A5-BABB-B8042C50654E}.Debug|Any CPU.Build.0 = Debug|Any CPU
		{A0390049-45FF-42A5-BABB-B8042C50654E}.Debug|x64.ActiveCfg = Debug|Any CPU
		{A0390049-45FF-42A5-BABB-B8042C50654E}.Debug|x64.Build.0 = Debug|Any CPU
		{A0390049-45FF-42A5-BABB-B8042C50654E}.Debug|x86.ActiveCfg = Debug|Any CPU
		{A0390049-45FF-42A5-BABB-B8042C50654E}.Debug|x86.Build.0 = Debug|Any CPU
		{A0390049-45FF-42A5-BABB-B8042C50654E}.Release|Any CPU.ActiveCfg = Release|Any CPU
		{A0390049-45FF-42A5-BABB-B8042C50654E}.Release|Any CPU.Build.0 = Release|Any CPU
		{A0390049-45FF-42A5-BABB-B8042C50654E}.Release|x64.ActiveCfg = Release|Any CPU
		{A0390049-45FF-42A5-BABB-B8042C50654E}.Release|x64.Build.0 = Release|Any CPU
		{A0390049-45FF-42A5-BABB-B8042C50654E}.Release|x86.ActiveCfg = Release|Any CPU
		{A0390049-45FF-42A5-BABB-B8042C50654E}.Release|x86.Build.0 = Release|Any CPU
		{99D74656-D7F0-45C0-BAE5-DE93127AD5A4}.Debug|Any CPU.ActiveCfg = Debug|Any CPU
		{99D74656-D7F0-45C0-BAE5-DE93127AD5A4}.Debug|Any CPU.Build.0 = Debug|Any CPU
		{99D74656-D7F0-45C0-BAE5-DE93127AD5A4}.Debug|x64.ActiveCfg = Debug|Any CPU
		{99D74656-D7F0-45C0-BAE5-DE93127AD5A4}.Debug|x64.Build.0 = Debug|Any CPU
		{99D74656-D7F0-45C0-BAE5-DE93127AD5A4}.Debug|x86.ActiveCfg = Debug|Any CPU
		{99D74656-D7F0-45C0-BAE5-DE93127AD5A4}.Debug|x86.Build.0 = Debug|Any CPU
		{99D74656-D7F0-45C0-BAE5-DE93127AD5A4}.Release|Any CPU.ActiveCfg = Release|Any CPU
		{99D74656-D7F0-45C0-BAE5-DE93127AD5A4}.Release|Any CPU.Build.0 = Release|Any CPU
		{99D74656-D7F0-45C0-BAE5-DE93127AD5A4}.Release|x64.ActiveCfg = Release|Any CPU
		{99D74656-D7F0-45C0-BAE5-DE93127AD5A4}.Release|x64.Build.0 = Release|Any CPU
		{99D74656-D7F0-45C0-BAE5-DE93127AD5A4}.Release|x86.ActiveCfg = Release|Any CPU
		{99D74656-D7F0-45C0-BAE5-DE93127AD5A4}.Release|x86.Build.0 = Release|Any CPU
	EndGlobalSection
	GlobalSection(SolutionProperties) = preSolution
		HideSolutionNode = FALSE
	EndGlobalSection
	GlobalSection(NestedProjects) = preSolution
		{69379AB9-1401-4E1B-BBF4-8A7A5D6D9525} = {827E0CD3-B72D-47B6-A68D-7590B98EB39B}
		{314F7380-C0C0-4021-B88F-6F38E9E6135C} = {827E0CD3-B72D-47B6-A68D-7590B98EB39B}
		{5B7815C0-1FB5-4598-88B7-540B0C52D356} = {827E0CD3-B72D-47B6-A68D-7590B98EB39B}
		{9F54952E-EB34-4F82-BB6F-8A2A8BC61AC6} = {827E0CD3-B72D-47B6-A68D-7590B98EB39B}
		{6381BF1C-4CA0-4D0E-AA1C-CEE3990171C3} = {827E0CD3-B72D-47B6-A68D-7590B98EB39B}
		{A0390049-45FF-42A5-BABB-B8042C50654E} = {827E0CD3-B72D-47B6-A68D-7590B98EB39B}
		{99D74656-D7F0-45C0-BAE5-DE93127AD5A4} = {827E0CD3-B72D-47B6-A68D-7590B98EB39B}
	EndGlobalSection
EndGlobal
